// !$*UTF8*$!
{
	archiveVersion = 1;
	classes = {
	};
	objectVersion = 50;
	objects = {

/* Begin PBXBuildFile section */
		F112ECD326AFEAE9006EAFAE /* ConsoleIO.swift in Sources */ = {isa = PBXBuildFile; fileRef = F112ECD226AFEAE9006EAFAE /* ConsoleIO.swift */; };
		F112ECD526B01FD1006EAFAE /* ComplexNumber.swift in Sources */ = {isa = PBXBuildFile; fileRef = F112ECD426B01FD1006EAFAE /* ComplexNumber.swift */; };
		F1A334BC26AEAA9B00EB5CEC /* main.swift in Sources */ = {isa = PBXBuildFile; fileRef = F1A334BB26AEAA9B00EB5CEC /* main.swift */; };
		F1A334C526AEB3C200EB5CEC /* Discriminant.swift in Sources */ = {isa = PBXBuildFile; fileRef = F1A334C426AEB3C200EB5CEC /* Discriminant.swift */; };
/* End PBXBuildFile section */

/* Begin PBXCopyFilesBuildPhase section */
		F1A334B626AEAA9B00EB5CEC /* CopyFiles */ = {
			isa = PBXCopyFilesBuildPhase;
			buildActionMask = 2147483647;
			dstPath = /usr/share/man/man1/;
			dstSubfolderSpec = 0;
			files = (
			);
			runOnlyForDeploymentPostprocessing = 1;
		};
/* End PBXCopyFilesBuildPhase section */

/* Begin PBXFileReference section */
		F112ECD226AFEAE9006EAFAE /* ConsoleIO.swift */ = {isa = PBXFileReference; lastKnownFileType = sourcecode.swift; path = ConsoleIO.swift; sourceTree = "<group>"; };
		F112ECD426B01FD1006EAFAE /* ComplexNumber.swift */ = {isa = PBXFileReference; lastKnownFileType = sourcecode.swift; path = ComplexNumber.swift; sourceTree = "<group>"; };
		F1A334B826AEAA9B00EB5CEC /* DiscriminantApp */ = {isa = PBXFileReference; explicitFileType = "compiled.mach-o.executable"; includeInIndex = 0; path = DiscriminantApp; sourceTree = BUILT_PRODUCTS_DIR; };
		F1A334BB26AEAA9B00EB5CEC /* main.swift */ = {isa = PBXFileReference; lastKnownFileType = sourcecode.swift; path = main.swift; sourceTree = "<group>"; };
		F1A334C426AEB3C200EB5CEC /* Discriminant.swift */ = {isa = PBXFileReference; lastKnownFileType = sourcecode.swift; path = Discriminant.swift; sourceTree = "<group>"; };
/* End PBXFileReference section */

/* Begin PBXFrameworksBuildPhase section */
		F1A334B526AEAA9B00EB5CEC /* Frameworks */ = {
			isa = PBXFrameworksBuildPhase;
			buildActionMask = 2147483647;
			files = (
			);
			runOnlyForDeploymentPostprocessing = 0;
		};
/* End PBXFrameworksBuildPhase section */

/* Begin PBXGroup section */
		F1A334AF26AEAA9B00EB5CEC = {
			isa = PBXGroup;
			children = (
				F1A334BA26AEAA9B00EB5CEC /* DiscriminantApp */,
				F1A334B926AEAA9B00EB5CEC /* Products */,
			);
			sourceTree = "<group>";
		};
		F1A334B926AEAA9B00EB5CEC /* Products */ = {
			isa = PBXGroup;
			children = (
				F1A334B826AEAA9B00EB5CEC /* DiscriminantApp */,
			);
			name = Products;
			sourceTree = "<group>";
		};
		F1A334BA26AEAA9B00EB5CEC /* DiscriminantApp */ = {
			isa = PBXGroup;
			children = (
				F1A334BB26AEAA9B00EB5CEC /* main.swift */,
				F1A334C426AEB3C200EB5CEC /* Discriminant.swift */,
				F112ECD426B01FD1006EAFAE /* ComplexNumber.swift */,
				F112ECD226AFEAE9006EAFAE /* ConsoleIO.swift */,
			);
			path = DiscriminantApp;
			sourceTree = "<group>";
		};
/* End PBXGroup section */

/* Begin PBXNativeTarget section */
		F1A334B726AEAA9B00EB5CEC /* DiscriminantApp */ = {
			isa = PBXNativeTarget;
			buildConfigurationList = F1A334BF26AEAA9B00EB5CEC /* Build configuration list for PBXNativeTarget "DiscriminantApp" */;
			buildPhases = (
				F1A334B426AEAA9B00EB5CEC /* Sources */,
				F1A334B526AEAA9B00EB5CEC /* Frameworks */,
				F1A334B626AEAA9B00EB5CEC /* CopyFiles */,
			);
			buildRules = (
			);
			dependencies = (
			);
			name = DiscriminantApp;
			productName = DiscriminantApp;
			productReference = F1A334B826AEAA9B00EB5CEC /* DiscriminantApp */;
			productType = "com.apple.product-type.tool";
		};
/* End PBXNativeTarget section */

/* Begin PBXProject section */
		F1A334B026AEAA9B00EB5CEC /* Project object */ = {
			isa = PBXProject;
			attributes = {
				LastSwiftUpdateCheck = 1250;
				LastUpgradeCheck = 1250;
				TargetAttributes = {
					F1A334B726AEAA9B00EB5CEC = {
						CreatedOnToolsVersion = 12.5.1;
					};
				};
			};
			buildConfigurationList = F1A334B326AEAA9B00EB5CEC /* Build configuration list for PBXProject "DiscriminantApp" */;
			compatibilityVersion = "Xcode 9.3";
			developmentRegion = en;
			hasScannedForEncodings = 0;
			knownRegions = (
				en,
				Base,
			);
			mainGroup = F1A334AF26AEAA9B00EB5CEC;
			productRefGroup = F1A334B926AEAA9B00EB5CEC /* Products */;
			projectDirPath = "";
			projectRoot = "";
			targets = (
				F1A334B726AEAA9B00EB5CEC /* DiscriminantApp */,
			);
		};
/* End PBXProject section */

/* Begin PBXSourcesBuildPhase section */
		F1A334B426AEAA9B00EB5CEC /* Sources */ = {
			isa = PBXSourcesBuildPhase;
			buildActionMask = 2147483647;
			files = (
				F112ECD326AFEAE9006EAFAE /* ConsoleIO.swift in Sources */,
				F1A334BC26AEAA9B00EB5CEC /* main.swift in Sources */,
				F1A334C526AEB3C200EB5CEC /* Discriminant.swift in Sources */,
				F112ECD526B01FD1006EAFAE /* ComplexNumber.swift in Sources */,
			);
			runOnlyForDeploymentPostprocessing = 0;
		};
/* End PBXSourcesBuildPhase section */

/* Begin XCBuildConfiguration section */
		F1A334BD26AEAA9B00EB5CEC /* Debug */ = {
			isa = XCBuildConfiguration;
			buildSettings = {
				ALWAYS_SEARCH_USER_PATHS = NO;
				CLANG_ANALYZER_NONNULL = YES;
				CLANG_ANALYZER_NUMBER_OBJECT_CONVERSION = YES_AGGRESSIVE;
				CLANG_CXX_LANGUAGE_STANDARD = "gnu++14";
				CLANG_CXX_LIBRARY = "libc++";
				CLANG_ENABLE_MODULES = YES;
				CLANG_ENABLE_OBJC_ARC = YES;
				CLANG_ENABLE_OBJC_WEAK = YES;
				CLANG_WARN_BLOCK_CAPTURE_AUTORELEASING = YES;
				CLANG_WARN_BOOL_CONVERSION = YES;
				CLANG_WARN_COMMA = YES;
				CLANG_WARN_CONSTANT_CONVERSION = YES;
				CLANG_WARN_DEPRECATED_OBJC_IMPLEMENTATIONS = YES;
				CLANG_WARN_DIRECT_OBJC_ISA_USAGE = YES_ERROR;
				CLANG_WARN_DOCUMENTATION_COMMENTS = YES;
				CLANG_WARN_EMPTY_BODY = YES;
				CLANG_WARN_ENUM_CONVERSION = YES;
				CLANG_WARN_INFINITE_RECURSION = YES;
				CLANG_WARN_INT_CONVERSION = YES;
				CLANG_WARN_NON_LITERAL_NULL_CONVERSION = YES;
				CLANG_WARN_OBJC_IMPLICIT_RETAIN_SELF = YES;
				CLANG_WARN_OBJC_LITERAL_CONVERSION = YES;
				CLANG_WARN_OBJC_ROOT_CLASS = YES_ERROR;
				CLANG_WARN_QUOTED_INCLUDE_IN_FRAMEWORK_HEADER = YES;
				CLANG_WARN_RANGE_LOOP_ANALYSIS = YES;
				CLANG_WARN_STRICT_PROTOTYPES = YES;
				CLANG_WARN_SUSPICIOUS_MOVE = YES;
				CLANG_WARN_UNGUARDED_AVAILABILITY = YES_AGGRESSIVE;
				CLANG_WARN_UNREACHABLE_CODE = YES;
				CLANG_WARN__DUPLICATE_METHOD_MATCH = YES;
				COPY_PHASE_STRIP = NO;
				DEBUG_INFORMATION_FORMAT = dwarf;
				ENABLE_STRICT_OBJC_MSGSEND = YES;
				ENABLE_TESTABILITY = YES;
				GCC_C_LANGUAGE_STANDARD = gnu11;
				GCC_DYNAMIC_NO_PIC = NO;
				GCC_NO_COMMON_BLOCKS = YES;
				GCC_OPTIMIZATION_LEVEL = 0;
				GCC_PREPROCESSOR_DEFINITIONS = (
					"DEBUG=1",
					"$(inherited)",
				);
				GCC_WARN_64_TO_32_BIT_CONVERSION = YES;
				GCC_WARN_ABOUT_RETURN_TYPE = YES_ERROR;
				GCC_WARN_UNDECLARED_SELECTOR = YES;
				GCC_WARN_UNINITIALIZED_AUTOS = YES_AGGRESSIVE;
				GCC_WARN_UNUSED_FUNCTION = YES;
				GCC_WARN_UNUSED_VARIABLE = YES;
				MACOSX_DEPLOYMENT_TARGET = 11.3;
				MTL_ENABLE_DEBUG_INFO = INCLUDE_SOURCE;
				MTL_FAST_MATH = YES;
				ONLY_ACTIVE_ARCH = YES;
				SDKROOT = macosx;
				SWIFT_ACTIVE_COMPILATION_CONDITIONS = DEBUG;
				SWIFT_OPTIMIZATION_LEVEL = "-Onone";
			};
			name = Debug;
		};
		F1A334BE26AEAA9B00EB5CEC /* Release */ = {
			isa = XCBuildConfiguration;
			buildSettings = {
				ALWAYS_SEARCH_USER_PATHS = NO;
				CLANG_ANALYZER_NONNULL = YES;
				CLANG_ANALYZER_NUMBER_OBJECT_CONVERSION = YES_AGGRESSIVE;
				CLANG_CXX_LANGUAGE_STANDARD = "gnu++14";
				CLANG_CXX_LIBRARY = "libc++";
				CLANG_ENABLE_MODULES = YES;
				CLANG_ENABLE_OBJC_ARC = YES;
				CLANG_ENABLE_OBJC_WEAK = YES;
				CLANG_WARN_BLOCK_CAPTURE_AUTORELEASING = YES;
				CLANG_WARN_BOOL_CONVERSION = YES;
				CLANG_WARN_COMMA = YES;
				CLANG_WARN_CONSTANT_CONVERSION = YES;
				CLANG_WARN_DEPRECATED_OBJC_IMPLEMENTATIONS = YES;
				CLANG_WARN_DIRECT_OBJC_ISA_USAGE = YES_ERROR;
				CLANG_WARN_DOCUMENTATION_COMMENTS = YES;
				CLANG_WARN_EMPTY_BODY = YES;
				CLANG_WARN_ENUM_CONVERSION = YES;
				CLANG_WARN_INFINITE_RECURSION = YES;
				CLANG_WARN_INT_CONVERSION = YES;
				CLANG_WARN_NON_LITERAL_NULL_CONVERSION = YES;
				CLANG_WARN_OBJC_IMPLICIT_RETAIN_SELF = YES;
				CLANG_WARN_OBJC_LITERAL_CONVERSION = YES;
				CLANG_WARN_OBJC_ROOT_CLASS = YES_ERROR;
				CLANG_WARN_QUOTED_INCLUDE_IN_FRAMEWORK_HEADER = YES;
				CLANG_WARN_RANGE_LOOP_ANALYSIS = YES;
				CLANG_WARN_STRICT_PROTOTYPES = YES;
				CLANG_WARN_SUSPICIOUS_MOVE = YES;
				CLANG_WARN_UNGUARDED_AVAILABILITY = YES_AGGRESSIVE;
				CLANG_WARN_UNREACHABLE_CODE = YES;
				CLANG_WARN__DUPLICATE_METHOD_MATCH = YES;
				COPY_PHASE_STRIP = NO;
				DEBUG_INFORMATION_FORMAT = "dwarf-with-dsym";
				ENABLE_NS_ASSERTIONS = NO;
				ENABLE_STRICT_OBJC_MSGSEND = YES;
				GCC_C_LANGUAGE_STANDARD = gnu11;
				GCC_NO_COMMON_BLOCKS = YES;
				GCC_WARN_64_TO_32_BIT_CONVERSION = YES;
				GCC_WARN_ABOUT_RETURN_TYPE = YES_ERROR;
				GCC_WARN_UNDECLARED_SELECTOR = YES;
				GCC_WARN_UNINITIALIZED_AUTOS = YES_AGGRESSIVE;
				GCC_WARN_UNUSED_FUNCTION = YES;
				GCC_WARN_UNUSED_VARIABLE = YES;
				MACOSX_DEPLOYMENT_TARGET = 11.3;
				MTL_ENABLE_DEBUG_INFO = NO;
				MTL_FAST_MATH = YES;
				SDKROOT = macosx;
				SWIFT_COMPILATION_MODE = wholemodule;
				SWIFT_OPTIMIZATION_LEVEL = "-O";
			};
			name = Release;
		};
		F1A334C026AEAA9B00EB5CEC /* Debug */ = {
			isa = XCBuildConfiguration;
			buildSettings = {
				CODE_SIGN_STYLE = Automatic;
				PRODUCT_NAME = "$(TARGET_NAME)";
				SWIFT_VERSION = 5.0;
			};
			name = Debug;
		};
		F1A334C126AEAA9B00EB5CEC /* Release */ = {
			isa = XCBuildConfiguration;
			buildSettings = {
				CODE_SIGN_STYLE = Automatic;
				PRODUCT_NAME = "$(TARGET_NAME)";
				SWIFT_VERSION = 5.0;
			};
			name = Release;
		};
/* End XCBuildConfiguration section */

/* Begin XCConfigurationList section */
		F1A334B326AEAA9B00EB5CEC /* Build configuration list for PBXProject "DiscriminantApp" */ = {
			isa = XCConfigurationList;
			buildConfigurations = (
				F1A334BD26AEAA9B00EB5CEC /* Debug */,
				F1A334BE26AEAA9B00EB5CEC /* Release */,
			);
			defaultConfigurationIsVisible = 0;
			defaultConfigurationName = Release;
		};
		F1A334BF26AEAA9B00EB5CEC /* Build configuration list for PBXNativeTarget "DiscriminantApp" */ = {
			isa = XCConfigurationList;
			buildConfigurations = (
				F1A334C026AEAA9B00EB5CEC /* Debug */,
				F1A334C126AEAA9B00EB5CEC /* Release */,
			);
			defaultConfigurationIsVisible = 0;
			defaultConfigurationName = Release;
		};
/* End XCConfigurationList section */
	};
	rootObject = F1A334B026AEAA9B00EB5CEC /* Project object */;
}
